
Microsoft Visual Studio Solution File, Format Version 12.00
Project("{FAE04EC0-301F-11D3-BF4B-00C04F79EFBC}") = "ParallelismExample", "ParallelismExample\ParallelismExample.csproj", "{52215B54-8A52-4A21-8525-CB101030863E}"
EndProject
Global
	GlobalSection(SolutionConfigurationPlatforms) = preSolution
		Debug|Any CPU = Debug|Any CPU
		Release|Any CPU = Release|Any CPU
	EndGlobalSection
	GlobalSection(ProjectConfigurationPlatforms) = postSolution
		{52215B54-8A52-4A21-8525-CB101030863E}.Debug|Any CPU.ActiveCfg = Debug|Any CPU
		{52215B54-8A52-4A21-8525-CB101030863E}.Debug|Any CPU.Build.0 = Debug|Any CPU
		{52215B54-8A52-4A21-8525-CB101030863E}.Release|Any CPU.ActiveCfg = Release|Any CPU
		{52215B54-8A52-4A21-8525-CB101030863E}.Release|Any CPU.Build.0 = Release|Any CPU
	EndGlobalSection
EndGlobal
